
Microsoft Visual Studio Solution File, Format Version 12.00
# Visual Studio Version 17
VisualStudioVersion = 17.0.31903.59
MinimumVisualStudioVersion = 10.0.40219.1
Project("{2150E333-8FDC-42A3-9474-1A3956D46DE8}") = "src", "src", "{827E0CD3-B72D-47B6-A68D-7590B98EB39B}"
EndProject
Project("{FAE04EC0-301F-11D3-BF4B-00C04F79EFBC}") = "NovaTerminal.App", "src\NovaTerminal.App\NovaTerminal.App.csproj", "{3216A4F7-15A0-4B66-93DB-20F1E685C66A}"
EndProject
Project("{FAE04EC0-301F-11D3-BF4B-00C04F79EFBC}") = "NovaTerminal.VT", "src\NovaTerminal.VT\NovaTerminal.VT.csproj", "{36B01B02-235C-4941-AA93-7F81C1D4948C}"
EndProject
Project("{FAE04EC0-301F-11D3-BF4B-00C04F79EFBC}") = "NovaTerminal.Rendering", "src\NovaTerminal.Rendering\NovaTerminal.Rendering.csproj", "{75E5223B-2889-46DE-A3E1-FD1D7B3CE6FC}"
EndProject
Project("{FAE04EC0-301F-11D3-BF4B-00C04F79EFBC}") = "NovaTerminal.Pty", "src\NovaTerminal.Pty\NovaTerminal.Pty.csproj", "{427D86A6-3048-4D48-86A2-DDD6334B4CD5}"
EndProject
Project("{FAE04EC0-301F-11D3-BF4B-00C04F79EFBC}") = "NovaTerminal.Replay", "src\NovaTerminal.Replay\NovaTerminal.Replay.csproj", "{E5F14A49-50E5-4EA3-AE47-0B8CCABB789C}"
EndProject
Project("{2150E333-8FDC-42A3-9474-1A3956D46DE8}") = "tests", "tests", "{0AB3BF05-4346-4AA6-1389-037BE0695223}"
EndProject
Project("{FAE04EC0-301F-11D3-BF4B-00C04F79EFBC}") = "NovaTerminal.Tests", "tests\NovaTerminal.Tests\NovaTerminal.Tests.csproj", "{4A93ABB3-6D89-46B7-B976-4C186E1DFFF5}"
EndProject
Project("{FAE04EC0-301F-11D3-BF4B-00C04F79EFBC}") = "NovaTerminal.Benchmarks", "tests\NovaTerminal.Benchmarks\NovaTerminal.Benchmarks.csproj", "{29FD5B8C-7247-4FA8-881F-3B5BD57B233C}"
EndProject
Project("{FAE04EC0-301F-11D3-BF4B-00C04F79EFBC}") = "NovaTerminal.Core", "src\NovaTerminal.Core\NovaTerminal.Core.csproj", "{8B42DC16-B2C8-4618-8854-D90570AD3BEA}"
EndProject
Project("{FAE04EC0-301F-11D3-BF4B-00C04F79EFBC}") = "NovaTerminal.Core.Tests", "tests\NovaTerminal.Core.Tests\NovaTerminal.Core.Tests.csproj", "{ABA0C905-4895-4725-B271-DAD27C2DD189}"
EndProject
Global
	GlobalSection(SolutionConfigurationPlatforms) = preSolution
		Debug|Any CPU = Debug|Any CPU
		Debug|x64 = Debug|x64
		Debug|x86 = Debug|x86
		Release|Any CPU = Release|Any CPU
		Release|x64 = Release|x64
		Release|x86 = Release|x86
	EndGlobalSection
	GlobalSection(ProjectConfigurationPlatforms) = postSolution
		{3216A4F7-15A0-4B66-93DB-20F1E685C66A}.Debug|Any CPU.ActiveCfg = Debug|Any CPU
		{3216A4F7-15A0-4B66-93DB-20F1E685C66A}.Debug|Any CPU.Build.0 = Debug|Any CPU
		{3216A4F7-15A0-4B66-93DB-20F1E685C66A}.Debug|x64.ActiveCfg = Debug|Any CPU
		{3216A4F7-15A0-4B66-93DB-20F1E685C66A}.Debug|x64.Build.0 = Debug|Any CPU
		{3216A4F7-15A0-4B66-93DB-20F1E685C66A}.Debug|x86.ActiveCfg = Debug|Any CPU
		{3216A4F7-15A0-4B66-93DB-20F1E685C66A}.Debug|x86.Build.0 = Debug|Any CPU
		{3216A4F7-15A0-4B66-93DB-20F1E685C66A}.Release|Any CPU.ActiveCfg = Release|Any CPU
		{3216A4F7-15A0-4B66-93DB-20F1E685C66A}.Release|Any CPU.Build.0 = Release|Any CPU
		{3216A4F7-15A0-4B66-93DB-20F1E685C66A}.Release|x64.ActiveCfg = Release|Any CPU
		{3216A4F7-15A0-4B66-93DB-20F1E685C66A}.Release|x64.Build.0 = Release|Any CPU
		{3216A4F7-15A0-4B66-93DB-20F1E685C66A}.Release|x86.ActiveCfg = Release|Any CPU
		{3216A4F7-15A0-4B66-93DB-20F1E685C66A}.Release|x86.Build.0 = Release|Any CPU
		{36B01B02-235C-4941-AA93-7F81C1D4948C}.Debug|Any CPU.ActiveCfg = Debug|Any CPU
		{36B01B02-235C-4941-AA93-7F81C1D4948C}.Debug|Any CPU.Build.0 = Debug|Any CPU
		{36B01B02-235C-4941-AA93-7F81C1D4948C}.Debug|x64.ActiveCfg = Debug|Any CPU
		{36B01B02-235C-4941-AA93-7F81C1D4948C}.Debug|x64.Build.0 = Debug|Any CPU
		{36B01B02-235C-4941-AA93-7F81C1D4948C}.Debug|x86.ActiveCfg = Debug|Any CPU
		{36B01B02-235C-4941-AA93-7F81C1D4948C}.Debug|x86.Build.0 = Debug|Any CPU
		{36B01B02-235C-4941-AA93-7F81C1D4948C}.Release|Any CPU.ActiveCfg = Release|Any CPU
		{36B01B02-235C-4941-AA93-7F81C1D4948C}.Release|Any CPU.Build.0 = Release|Any CPU
		{36B01B02-235C-4941-AA93-7F81C1D4948C}.Release|x64.ActiveCfg = Release|Any CPU
		{36B01B02-235C-4941-AA93-7F81C1D4948C}.Release|x64.Build.0 = Release|Any CPU
		{36B01B02-235C-4941-AA93-7F81C1D4948C}.Release|x86.ActiveCfg = Release|Any CPU
		{36B01B02-235C-4941-AA93-7F81C1D4948C}.Release|x86.Build.0 = Release|Any CPU
		{75E5223B-2889-46DE-A3E1-FD1D7B3CE6FC}.Debug|Any CPU.ActiveCfg = Debug|Any CPU
		{75E5223B-2889-46DE-A3E1-FD1D7B3CE6FC}.Debug|Any CPU.Build.0 = Debug|Any CPU
		{75E5223B-2889-46DE-A3E1-FD1D7B3CE6FC}.Debug|x64.ActiveCfg = Debug|Any CPU
		{75E5223B-2889-46DE-A3E1-FD1D7B3CE6FC}.Debug|x64.Build.0 = Debug|Any CPU
		{75E5223B-2889-46DE-A3E1-FD1D7B3CE6FC}.Debug|x86.ActiveCfg = Debug|Any CPU
		{75E5223B-2889-46DE-A3E1-FD1D7B3CE6FC}.Debug|x86.Build.0 = Debug|Any CPU
		{75E5223B-2889-46DE-A3E1-FD1D7B3CE6FC}.Release|Any CPU.ActiveCfg = Release|Any CPU
		{75E5223B-2889-46DE-A3E1-FD1D7B3CE6FC}.Release|Any CPU.Build.0 = Release|Any CPU
		{75E5223B-2889-46DE-A3E1-FD1D7B3CE6FC}.Release|x64.ActiveCfg = Release|Any CPU
		{75E5223B-2889-46DE-A3E1-FD1D7B3CE6FC}.Release|x64.Build.0 = Release|Any CPU
		{75E5223B-2889-46DE-A3E1-FD1D7B3CE6FC}.Release|x86.ActiveCfg = Release|Any CPU
		{75E5223B-2889-46DE-A3E1-FD1D7B3CE6FC}.Release|x86.Build.0 = Release|Any CPU
		{427D86A6-3048-4D48-86A2-DDD6334B4CD5}.Debug|Any CPU.ActiveCfg = Debug|Any CPU
		{427D86A6-3048-4D48-86A2-DDD6334B4CD5}.Debug|Any CPU.Build.0 = Debug|Any CPU
		{427D86A6-3048-4D48-86A2-DDD6334B4CD5}.Debug|x64.ActiveCfg = Debug|Any CPU
		{427D86A6-3048-4D48-86A2-DDD6334B4CD5}.Debug|x64.Build.0 = Debug|Any CPU
		{427D86A6-3048-4D48-86A2-DDD6334B4CD5}.Debug|x86.ActiveCfg = Debug|Any CPU
		{427D86A6-3048-4D48-86A2-DDD6334B4CD5}.Debug|x86.Build.0 = Debug|Any CPU
		{427D86A6-3048-4D48-86A2-DDD6334B4CD5}.Release|Any CPU.ActiveCfg = Release|Any CPU
		{427D86A6-3048-4D48-86A2-DDD6334B4CD5}.Release|Any CPU.Build.0 = Release|Any CPU
		{427D86A6-3048-4D48-86A2-DDD6334B4CD5}.Release|x64.ActiveCfg = Release|Any CPU
		{427D86A6-3048-4D48-86A2-DDD6334B4CD5}.Release|x64.Build.0 = Release|Any CPU
		{427D86A6-3048-4D48-86A2-DDD6334B4CD5}.Release|x86.ActiveCfg = Release|Any CPU
		{427D86A6-3048-4D48-86A2-DDD6334B4CD5}.Release|x86.Build.0 = Release|Any CPU
		{E5F14A49-50E5-4EA3-AE47-0B8CCABB789C}.Debug|Any CPU.ActiveCfg = Debug|Any CPU
		{E5F14A49-50E5-4EA3-AE47-0B8CCABB789C}.Debug|Any CPU.Build.0 = Debug|Any CPU
		{E5F14A49-50E5-4EA3-AE47-0B8CCABB789C}.Debug|x64.ActiveCfg = Debug|Any CPU
		{E5F14A49-50E5-4EA3-AE47-0B8CCABB789C}.Debug|x64.Build.0 = Debug|Any CPU
		{E5F14A49-50E5-4EA3-AE47-0B8CCABB789C}.Debug|x86.ActiveCfg = Debug|Any CPU
		{E5F14A49-50E5-4EA3-AE47-0B8CCABB789C}.Debug|x86.Build.0 = Debug|Any CPU
		{E5F14A49-50E5-4EA3-AE47-0B8CCABB789C}.Release|Any CPU.ActiveCfg = Release|Any CPU
		{E5F14A49-50E5-4EA3-AE47-0B8CCABB789C}.Release|Any CPU.Build.0 = Release|Any CPU
		{E5F14A49-50E5-4EA3-AE47-0B8CCABB789C}.Release|x64.ActiveCfg = Release|Any CPU
		{E5F14A49-50E5-4EA3-AE47-0B8CCABB789C}.Release|x64.Build.0 = Release|Any CPU
		{E5F14A49-50E5-4EA3-AE47-0B8CCABB789C}.Release|x86.ActiveCfg = Release|Any CPU
		{E5F14A49-50E5-4EA3-AE47-0B8CCABB789C}.Release|x86.Build.0 = Release|Any CPU
		{4A93ABB3-6D89-46B7-B976-4C186E1DFFF5}.Debug|Any CPU.ActiveCfg = Debug|Any CPU
		{4A93ABB3-6D89-46B7-B976-4C186E1DFFF5}.Debug|Any CPU.Build.0 = Debug|Any CPU
		{4A93ABB3-6D89-46B7-B976-4C186E1DFFF5}.Debug|x64.ActiveCfg = Debug|Any CPU
		{4A93ABB3-6D89-46B7-B976-4C186E1DFFF5}.Debug|x64.Build.0 = Debug|Any CPU
		{4A93ABB3-6D89-46B7-B976-4C186E1DFFF5}.Debug|x86.ActiveCfg = Debug|Any CPU
		{4A93ABB3-6D89-46B7-B976-4C186E1DFFF5}.Debug|x86.Build.0 = Debug|Any CPU
		{4A93ABB3-6D89-46B7-B976-4C186E1DFFF5}.Release|Any CPU.ActiveCfg = Release|Any CPU
		{4A93ABB3-6D89-46B7-B976-4C186E1DFFF5}.Release|Any CPU.Build.0 = Release|Any CPU
		{4A93ABB3-6D89-46B7-B976-4C186E1DFFF5}.Release|x64.ActiveCfg = Release|Any CPU
		{4A93ABB3-6D89-46B7-B976-4C186E1DFFF5}.Release|x64.Build.0 = Release|Any CPU
		{4A93ABB3-6D89-46B7-B976-4C186E1DFFF5}.Release|x86.ActiveCfg = Release|Any CPU
		{4A93ABB3-6D89-46B7-B976-4C186E1DFFF5}.Release|x86.Build.0 = Release|Any CPU
		{29FD5B8C-7247-4FA8-881F-3B5BD57B233C}.Debug|Any CPU.ActiveCfg = Debug|Any CPU
		{29FD5B8C-7247-4FA8-881F-3B5BD57B233C}.Debug|Any CPU.Build.0 = Debug|Any CPU
		{29FD5B8C-7247-4FA8-881F-3B5BD57B233C}.Debug|x64.ActiveCfg = Debug|Any CPU
		{29FD5B8C-7247-4FA8-881F-3B5BD57B233C}.Debug|x64.Build.0 = Debug|Any CPU
		{29FD5B8C-7247-4FA8-881F-3B5BD57B233C}.Debug|x86.ActiveCfg = Debug|Any CPU
		{29FD5B8C-7247-4FA8-881F-3B5BD57B233C}.Debug|x86.Build.0 = Debug|Any CPU
		{29FD5B8C-7247-4FA8-881F-3B5BD57B233C}.Release|Any CPU.ActiveCfg = Release|Any CPU
		{29FD5B8C-7247-4FA8-881F-3B5BD57B233C}.Release|Any CPU.Build.0 = Release|Any CPU
		{29FD5B8C-7247-4FA8-881F-3B5BD57B233C}.Release|x64.ActiveCfg = Release|Any CPU
		{29FD5B8C-7247-4FA8-881F-3B5BD57B233C}.Release|x64.Build.0 = Release|Any CPU
		{29FD5B8C-7247-4FA8-881F-3B5BD57B233C}.Release|x86.ActiveCfg = Release|Any CPU
		{29FD5B8C-7247-4FA8-881F-3B5BD57B233C}.Release|x86.Build.0 = Release|Any CPU
		{8B42DC16-B2C8-4618-8854-D90570AD3BEA}.Debug|Any CPU.ActiveCfg = Debug|Any CPU
		{8B42DC16-B2C8-4618-8854-D90570AD3BEA}.Debug|Any CPU.Build.0 = Debug|Any CPU
		{8B42DC16-B2C8-4618-8854-D90570AD3BEA}.Debug|x64.ActiveCfg = Debug|Any CPU
		{8B42DC16-B2C8-4618-8854-D90570AD3BEA}.Debug|x64.Build.0 = Debug|Any CPU
		{8B42DC16-B2C8-4618-8854-D90570AD3BEA}.Debug|x86.ActiveCfg = Debug|Any CPU
		{8B42DC16-B2C8-4618-8854-D90570AD3BEA}.Debug|x86.Build.0 = Debug|Any CPU
		{8B42DC16-B2C8-4618-8854-D90570AD3BEA}.Release|Any CPU.ActiveCfg = Release|Any CPU
		{8B42DC16-B2C8-4618-8854-D90570AD3BEA}.Release|Any CPU.Build.0 = Release|Any CPU
		{8B42DC16-B2C8-4618-8854-D90570AD3BEA}.Release|x64.ActiveCfg = Release|Any CPU
		{8B42DC16-B2C8-4618-8854-D90570AD3BEA}.Release|x64.Build.0 = Release|Any CPU
		{8B42DC16-B2C8-4618-8854-D90570AD3BEA}.Release|x86.ActiveCfg = Release|Any CPU
		{8B42DC16-B2C8-4618-8854-D90570AD3BEA}.Release|x86.Build.0 = Release|Any CPU
		{ABA0C905-4895-4725-B271-DAD27C2DD189}.Debug|Any CPU.ActiveCfg = Debug|Any CPU
		{ABA0C905-4895-4725-B271-DAD27C2DD189}.Debug|Any CPU.Build.0 = Debug|Any CPU
		{ABA0C905-4895-4725-B271-DAD27C2DD189}.Debug|x64.ActiveCfg = Debug|Any CPU
		{ABA0C905-4895-4725-B271-DAD27C2DD189}.Debug|x64.Build.0 = Debug|Any CPU
		{ABA0C905-4895-4725-B271-DAD27C2DD189}.Debug|x86.ActiveCfg = Debug|Any CPU
		{ABA0C905-4895-4725-B271-DAD27C2DD189}.Debug|x86.Build.0 = Debug|Any CPU
		{ABA0C905-4895-4725-B271-DAD27C2DD189}.Release|Any CPU.ActiveCfg = Release|Any CPU
		{ABA0C905-4895-4725-B271-DAD27C2DD189}.Release|Any CPU.Build.0 = Release|Any CPU
		{ABA0C905-4895-4725-B271-DAD27C2DD189}.Release|x64.ActiveCfg = Release|Any CPU
		{ABA0C905-4895-4725-B271-DAD27C2DD189}.Release|x64.Build.0 = Release|Any CPU
		{ABA0C905-4895-4725-B271-DAD27C2DD189}.Release|x86.ActiveCfg = Release|Any CPU
		{ABA0C905-4895-4725-B271-DAD27C2DD189}.Release|x86.Build.0 = Release|Any CPU
	EndGlobalSection
	GlobalSection(SolutionProperties) = preSolution
		HideSolutionNode = FALSE
	EndGlobalSection
	GlobalSection(NestedProjects) = preSolution
		{3216A4F7-15A0-4B66-93DB-20F1E685C66A} = {827E0CD3-B72D-47B6-A68D-7590B98EB39B}
		{36B01B02-235C-4941-AA93-7F81C1D4948C} = {827E0CD3-B72D-47B6-A68D-7590B98EB39B}
		{75E5223B-2889-46DE-A3E1-FD1D7B3CE6FC} = {827E0CD3-B72D-47B6-A68D-7590B98EB39B}
		{427D86A6-3048-4D48-86A2-DDD6334B4CD5} = {827E0CD3-B72D-47B6-A68D-7590B98EB39B}
		{E5F14A49-50E5-4EA3-AE47-0B8CCABB789C} = {827E0CD3-B72D-47B6-A68D-7590B98EB39B}
		{4A93ABB3-6D89-46B7-B976-4C186E1DFFF5} = {0AB3BF05-4346-4AA6-1389-037BE0695223}
		{29FD5B8C-7247-4FA8-881F-3B5BD57B233C} = {0AB3BF05-4346-4AA6-1389-037BE0695223}
		{8B42DC16-B2C8-4618-8854-D90570AD3BEA} = {827E0CD3-B72D-47B6-A68D-7590B98EB39B}
		{ABA0C905-4895-4725-B271-DAD27C2DD189} = {0AB3BF05-4346-4AA6-1389-037BE0695223}
	EndGlobalSection
EndGlobal
